
Microsoft Visual Studio Solution File, Format Version 12.00
# Visual Studio 15
VisualStudioVersion = 15.0.28307.271
MinimumVisualStudioVersion = 10.0.40219.1
Project("{8BC9CEB8-8B4A-11D0-8D11-00A0C91BC942}") = "ECTElster", "ECTElster.vcxproj", "{DEF98EC9-4594-4E4E-B438-AB2A78936FDA}"
EndProject
Global
	GlobalSection(SolutionConfigurationPlatforms) = preSolution
		Debug|Win32 = Debug|Win32
		Release|Win32 = Release|Win32
	EndGlobalSection
	GlobalSection(ProjectConfigurationPlatforms) = postSolution
		{DEF98EC9-4594-4E4E-B438-AB2A78936FDA}.Debug|Win32.ActiveCfg = Debug|Win32
		{DEF98EC9-4594-4E4E-B438-AB2A78936FDA}.Debug|Win32.Build.0 = Debug|Win32
		{DEF98EC9-4594-4E4E-B438-AB2A78936FDA}.Release|Win32.ActiveCfg = Release|Win32
		{DEF98EC9-4594-4E4E-B438-AB2A78936FDA}.Release|Win32.Build.0 = Release|Win32
	EndGlobalSection
	GlobalSection(SolutionProperties) = preSolution
		HideSolutionNode = FALSE
	EndGlobalSection
	GlobalSection(ExtensibilityGlobals) = postSolution
		SolutionGuid = {39D707CF-C3EC-48EC-9B60-B5CF435F1B80}
	EndGlobalSection
EndGlobal
