<?xml version="1.0" encoding="utf-8"?>
<Project ToolsVersion="4.0" xmlns="http://schemas.microsoft.com/developer/msbuild/2003">
  <ItemGroup>
    <Filter Include="Source Files">
      <UniqueIdentifier>{4FC737F1-C7A5-4376-A066-2A32D752A2FF}</UniqueIdentifier>
      <Extensions>cpp;c;cc;cxx;def;odl;idl;hpj;bat;asm;asmx</Extensions>
    </Filter>
    <Filter Include="Header Files">
      <UniqueIdentifier>{93995380-89BD-4b04-88EB-625FBE52EBFB}</UniqueIdentifier>
      <Extensions>h;hpp;hxx;hm;inl;inc;xsd</Extensions>
    </Filter>
    <Filter Include="Resource Files">
      <UniqueIdentifier>{67DA6AB6-F800-4c08-8B7A-83BB121AAD01}</UniqueIdentifier>
      <Extensions>rc;ico;cur;bmp;dlg;rc2;rct;bin;rgs;gif;jpg;jpeg;jpe;resx;tiff;tif;png;wav</Extensions>
    </Filter>
    <Filter Include="Libraries">
      <UniqueIdentifier>{742d654f-fded-4db5-a7c7-f7ac239441e3}</UniqueIdentifier>
    </Filter>
  </ItemGroup>
  <ItemGroup>
    <ClCompile Include="AboutDlg.cpp">
      <Filter>Source Files</Filter>
    </ClCompile>
    <ClCompile Include="DokumentCtrl.cpp">
      <Filter>Source Files</Filter>
    </ClCompile>
    <ClCompile Include="ECTElster.cpp">
      <Filter>Source Files</Filter>
    </ClCompile>
    <ClCompile Include="ECTElsterCtrl.cpp">
      <Filter>Source Files</Filter>
    </ClCompile>
    <ClCompile Include="ECTElsterPropPage.cpp">
      <Filter>Source Files</Filter>
    </ClCompile>
    <ClCompile Include="EinstellungCtrl.cpp">
      <Filter>Source Files</Filter>
    </ClCompile>
    <ClCompile Include="ElsterDlg.cpp">
      <Filter>Source Files</Filter>
    </ClCompile>
    <ClCompile Include="faliste.cpp">
      <Filter>Source Files</Filter>
    </ClCompile>
    <ClCompile Include="FormularCtrl.cpp">
      <Filter>Source Files</Filter>
    </ClCompile>
    <ClCompile Include="QuickEdit.cpp">
      <Filter>Source Files</Filter>
    </ClCompile>
    <ClCompile Include="QuickList.cpp">
      <Filter>Source Files</Filter>
    </ClCompile>
    <ClCompile Include="RegExp.cpp">
      <Filter>Source Files</Filter>
    </ClCompile>
    <ClCompile Include="stdafx.cpp">
      <Filter>Source Files</Filter>
    </ClCompile>
    <ClCompile Include="tmChkStrNr.cpp">
      <Filter>Source Files</Filter>
    </ClCompile>
    <ClCompile Include="XMLite.cpp">
      <Filter>Source Files</Filter>
    </ClCompile>
    <ClCompile Include="EricFormularlogik.cpp">
      <Filter>Source Files</Filter>
    </ClCompile>
    <ClCompile Include="EricFormularlogikUStVA.cpp">
      <Filter>Source Files</Filter>
    </ClCompile>
    <ClCompile Include="EricFormularlogikEUeR.cpp">
      <Filter>Source Files</Filter>
    </ClCompile>
    <ClCompile Include="CBuchungCtrl.cpp">
      <Filter>Source Files</Filter>
    </ClCompile>
  </ItemGroup>
  <ItemGroup>
    <None Include="ECTElster.def">
      <Filter>Source Files</Filter>
    </None>
    <None Include="README.md" />
  </ItemGroup>
  <ItemGroup>
    <Midl Include="ECTElster.idl">
      <Filter>Source Files</Filter>
    </Midl>
  </ItemGroup>
  <ItemGroup>
    <ClInclude Include="AboutDlg.h">
      <Filter>Header Files</Filter>
    </ClInclude>
    <ClInclude Include="DokumentCtrl.h">
      <Filter>Header Files</Filter>
    </ClInclude>
    <ClInclude Include="ECTElster.h">
      <Filter>Header Files</Filter>
    </ClInclude>
    <ClInclude Include="ECTElsterCtrl.h">
      <Filter>Header Files</Filter>
    </ClInclude>
    <ClInclude Include="ECTElsterPropPage.h">
      <Filter>Header Files</Filter>
    </ClInclude>
    <ClInclude Include="EinstellungCtrl.h">
      <Filter>Header Files</Filter>
    </ClInclude>
    <ClInclude Include="ElsterDlg.h">
      <Filter>Header Files</Filter>
    </ClInclude>
    <ClInclude Include="FormularCtrl.h">
      <Filter>Header Files</Filter>
    </ClInclude>
    <ClInclude Include="QuickEdit.h">
      <Filter>Header Files</Filter>
    </ClInclude>
    <ClInclude Include="QuickList.h">
      <Filter>Header Files</Filter>
    </ClInclude>
    <ClInclude Include="RegExp.h">
      <Filter>Header Files</Filter>
    </ClInclude>
    <ClInclude Include="Resource.h">
      <Filter>Header Files</Filter>
    </ClInclude>
    <ClInclude Include="stdafx.h">
      <Filter>Header Files</Filter>
    </ClInclude>
    <ClInclude Include="targetver.h">
      <Filter>Header Files</Filter>
    </ClInclude>
    <ClInclude Include="tmfanr.h">
      <Filter>Header Files</Filter>
    </ClInclude>
    <ClInclude Include="XMLite.h">
      <Filter>Header Files</Filter>
    </ClInclude>
    <ClInclude Include="EricFormularlogik.h">
      <Filter>Header Files</Filter>
    </ClInclude>
    <ClInclude Include="EricFormularlogikUStVA.h">
      <Filter>Header Files</Filter>
    </ClInclude>
    <ClInclude Include="EricFormularlogikEUeR.h">
      <Filter>Header Files</Filter>
    </ClInclude>
    <ClInclude Include="CBuchungCtrl.h">
      <Filter>Header Files</Filter>
    </ClInclude>
  </ItemGroup>
  <ItemGroup>
    <Image Include="bitmap1.bmp">
      <Filter>Resource Files</Filter>
    </Image>
    <Image Include="ECTElster.ico">
      <Filter>Resource Files</Filter>
    </Image>
    <Image Include="ECTElsterCtrl.bmp">
      <Filter>Resource Files</Filter>
    </Image>
    <Image Include="Elster48x48.bmp">
      <Filter>Resource Files</Filter>
    </Image>
  </ItemGroup>
  <ItemGroup>
    <ResourceCompile Include="ECTElster.rc">
      <Filter>Resource Files</Filter>
    </ResourceCompile>
  </ItemGroup>
</Project>